<?xml version="1.0" encoding="utf-8"?>
<Project ToolsVersion="4.0" xmlns="http://schemas.microsoft.com/developer/msbuild/2003">
  <ItemGroup>
    <Filter Include="Source Files">
      <UniqueIdentifier>{4FC737F1-C7A5-4376-A066-2A32D752A2FF}</UniqueIdentifier>
      <Extensions>cpp;c;cc;cxx;def;odl;idl;hpj;bat;asm;asmx</Extensions>
    </Filter>
    <Filter Include="Header Files">
      <UniqueIdentifier>{93995380-89BD-4b04-88EB-625FBE52EBFB}</UniqueIdentifier>
      <Extensions>h;hh;hpp;hxx;hm;inl;inc;xsd</Extensions>
    </Filter>
    <Filter Include="Resource Files">
      <UniqueIdentifier>{D9D6E242-F8AF-46E4-B9FD-80ECBC20BA3E}</UniqueIdentifier>
      <Extensions>qrc;*</Extensions>
      <ParseFiles>false</ParseFiles>
    </Filter>
    <Filter Include="Form Files">
      <UniqueIdentifier>{99349809-55BA-4b9d-BF79-8FDBB0286EB3}</UniqueIdentifier>
      <Extensions>ui</Extensions>
    </Filter>
    <Filter Include="Resource Files">
      <UniqueIdentifier>{D9D6E242-F8AF-46E4-B9FD-80ECBC20BA3E}</UniqueIdentifier>
      <Extensions>qrc;*</Extensions>
      <ParseFiles>false</ParseFiles>
    </Filter>
    <Filter Include="Generated Files">
      <UniqueIdentifier>{71ED8ED8-ACB9-4CE9-BBE1-E00B30144E11}</UniqueIdentifier>
      <Extensions>moc;h;cpp</Extensions>
      <SourceControlFiles>False</SourceControlFiles>
    </Filter>
    <Filter Include="Generated Files\Debug">
      <UniqueIdentifier>{803b0076-1461-4975-ae98-f67be9990ab9}</UniqueIdentifier>
      <Extensions>cpp;moc</Extensions>
      <SourceControlFiles>False</SourceControlFiles>
    </Filter>
    <Filter Include="Generated Files\Release">
      <UniqueIdentifier>{41db37bd-3aa9-454d-a37a-21ff3918c346}</UniqueIdentifier>
      <Extensions>cpp;moc</Extensions>
      <SourceControlFiles>False</SourceControlFiles>
    </Filter>
    <Filter Include="Header Files\api">
      <UniqueIdentifier>{04efaa1e-5855-4d6a-9f93-2111ff9a2789}</UniqueIdentifier>
    </Filter>
  </ItemGroup>
  <ItemGroup>
    <ClCompile Include="main.cpp">
      <Filter>Source Files</Filter>
    </ClCompile>
    <ClCompile Include="common.cpp">
      <Filter>Source Files</Filter>
    </ClCompile>
    <ClCompile Include="exportfile.cpp">
      <Filter>Source Files</Filter>
    </ClCompile>
    <ClCompile Include="GeneratedFiles\Debug\moc_exportfile.cpp">
      <Filter>Generated Files\Debug</Filter>
    </ClCompile>
    <ClCompile Include="GeneratedFiles\Release\moc_exportfile.cpp">
      <Filter>Generated Files\Release</Filter>
    </ClCompile>
    <ClCompile Include="exportcallback.cpp">
      <Filter>Source Files</Filter>
    </ClCompile>
    <ClCompile Include="GeneratedFiles\Debug\moc_exportcallback.cpp">
      <Filter>Generated Files\Debug</Filter>
    </ClCompile>
    <ClCompile Include="GeneratedFiles\Release\moc_exportcallback.cpp">
      <Filter>Generated Files\Release</Filter>
    </ClCompile>
    <ClCompile Include="console.cpp">
      <Filter>Source Files</Filter>
    </ClCompile>
    <ClCompile Include="audio.cpp">
      <Filter>Source Files</Filter>
    </ClCompile>
    <ClCompile Include="video.cpp">
      <Filter>Source Files</Filter>
    </ClCompile>
    <ClCompile Include="room.cpp">
      <Filter>Source Files</Filter>
    </ClCompile>
    <ClCompile Include="GeneratedFiles\Debug\moc_room.cpp">
      <Filter>Generated Files\Debug</Filter>
    </ClCompile>
    <ClCompile Include="GeneratedFiles\Release\moc_room.cpp">
      <Filter>Generated Files\Release</Filter>
    </ClCompile>
    <ClCompile Include="engine.cpp">
      <Filter>Source Files</Filter>
    </ClCompile>
    <ClCompile Include="videoview.cpp">
      <Filter>Source Files</Filter>
    </ClCompile>
    <ClCompile Include="GeneratedFiles\Debug\moc_videoview.cpp">
      <Filter>Generated Files\Debug</Filter>
    </ClCompile>
    <ClCompile Include="GeneratedFiles\Release\moc_videoview.cpp">
      <Filter>Generated Files\Release</Filter>
    </ClCompile>
    <ClCompile Include="qtsolutions\qtwinmigrate\src\qwinhost.cpp">
      <Filter>Source Files</Filter>
    </ClCompile>
    <ClCompile Include="GeneratedFiles\Debug\moc_qwinhost.cpp">
      <Filter>Generated Files\Debug</Filter>
    </ClCompile>
    <ClCompile Include="GeneratedFiles\Release\moc_qwinhost.cpp">
      <Filter>Generated Files\Release</Filter>
    </ClCompile>
    <ClCompile Include="localrecord.cpp">
      <Filter>Source Files</Filter>
    </ClCompile>
    <ClCompile Include="GeneratedFiles\Debug\moc_localrecord.cpp">
      <Filter>Generated Files\Debug</Filter>
    </ClCompile>
    <ClCompile Include="GeneratedFiles\Release\moc_localrecord.cpp">
      <Filter>Generated Files\Release</Filter>
    </ClCompile>
    <ClCompile Include="exportbase.cpp">
      <Filter>Source Files</Filter>
    </ClCompile>
    <ClCompile Include="importer.cpp">
      <Filter>Source Files</Filter>
    </ClCompile>
    <ClCompile Include="importraw.cpp">
      <Filter>Source Files</Filter>
    </ClCompile>
    <ClCompile Include="GeneratedFiles\Debug\moc_importraw.cpp">
      <Filter>Generated Files\Debug</Filter>
    </ClCompile>
    <ClCompile Include="GeneratedFiles\Release\moc_importraw.cpp">
      <Filter>Generated Files\Release</Filter>
    </ClCompile>
    <ClCompile Include="importbase.cpp">
      <Filter>Source Files</Filter>
    </ClCompile>
    <ClCompile Include="GeneratedFiles\Debug\moc_importbase.cpp">
      <Filter>Generated Files\Debug</Filter>
    </ClCompile>
    <ClCompile Include="GeneratedFiles\Release\moc_importbase.cpp">
      <Filter>Generated Files\Release</Filter>
    </ClCompile>
    <ClCompile Include="importcoded.cpp">
      <Filter>Source Files</Filter>
    </ClCompile>
    <ClCompile Include="aacextractor.cpp">
      <Filter>Source Files</Filter>
    </ClCompile>
    <ClCompile Include="importrtsp.cpp">
      <Filter>Source Files</Filter>
    </ClCompile>
    <ClCompile Include="Avei.cpp">
      <Filter>Source Files</Filter>
    </ClCompile>
    <ClCompile Include="GeneratedFiles\Debug\moc_Avei.cpp">
      <Filter>Generated Files\Debug</Filter>
    </ClCompile>
    <ClCompile Include="GeneratedFiles\Release\moc_Avei.cpp">
      <Filter>Generated Files\Release</Filter>
    </ClCompile>
    <ClCompile Include="GeneratedFiles\qrc_avei.cpp">
      <Filter>Generated Files</Filter>
    </ClCompile>
  </ItemGroup>
  <ItemGroup>
    <CustomBuild Include="exportfile.ui">
      <Filter>Form Files</Filter>
    </CustomBuild>
    <CustomBuild Include="exportfile.h">
      <Filter>Header Files</Filter>
    </CustomBuild>
    <CustomBuild Include="exportcb.ui">
      <Filter>Form Files</Filter>
    </CustomBuild>
    <CustomBuild Include="exportcallback.h">
      <Filter>Header Files</Filter>
    </CustomBuild>
    <CustomBuild Include="room.h">
      <Filter>Header Files</Filter>
    </CustomBuild>
    <CustomBuild Include="videoview.h">
      <Filter>Header Files</Filter>
    </CustomBuild>
    <CustomBuild Include="qtsolutions\qtwinmigrate\src\qwinhost.h">
      <Filter>Header Files</Filter>
    </CustomBuild>
    <CustomBuild Include="localrecord.h">
      <Filter>Header Files</Filter>
    </CustomBuild>
    <CustomBuild Include="importer.ui">
      <Filter>Form Files</Filter>
    </CustomBuild>
    <CustomBuild Include="importraw.ui">
      <Filter>Form Files</Filter>
    </CustomBuild>
    <CustomBuild Include="importraw.h">
      <Filter>Header Files</Filter>
    </CustomBuild>
    <CustomBuild Include="importbase.h">
      <Filter>Header Files</Filter>
    </CustomBuild>
    <CustomBuild Include="importcoded.ui">
      <Filter>Form Files</Filter>
    </CustomBuild>
    <CustomBuild Include="importrtsp.ui">
      <Filter>Form Files</Filter>
    </CustomBuild>
    <CustomBuild Include="Avei.h">
      <Filter>Header Files</Filter>
    </CustomBuild>
    <CustomBuild Include="avei.ui">
      <Filter>Form Files</Filter>
    </CustomBuild>
    <CustomBuild Include="avei.qrc">
      <Filter>Resource Files</Filter>
    </CustomBuild>
  </ItemGroup>
  <ItemGroup>
    <ClInclude Include="..\api\audiocapture.h">
      <Filter>Header Files\api</Filter>
    </ClInclude>
    <ClInclude Include="..\api\avdengine.h">
      <Filter>Header Files\api</Filter>
    </ClInclude>
    <ClInclude Include="..\api\avdlive.h">
      <Filter>Header Files\api</Filter>
    </ClInclude>
    <ClInclude Include="..\api\avdoutgoing.h">
      <Filter>Header Files\api</Filter>
    </ClInclude>
    <ClInclude Include="..\api\avdrecord.h">
      <Filter>Header Files\api</Filter>
    </ClInclude>
    <ClInclude Include="..\api\avimporter.h">
      <Filter>Header Files\api</Filter>
    </ClInclude>
    <ClInclude Include="..\api\combase.h">
      <Filter>Header Files\api</Filter>
    </ClInclude>
    <ClInclude Include="..\api\common.h">
      <Filter>Header Files\api</Filter>
    </ClInclude>
    <ClInclude Include="..\api\debug.h">
      <Filter>Header Files\api</Filter>
    </ClInclude>
    <ClInclude Include="..\api\defines.h">
      <Filter>Header Files\api</Filter>
    </ClInclude>
    <ClInclude Include="..\api\easyroom.h">
      <Filter>Header Files\api</Filter>
    </ClInclude>
    <ClInclude Include="..\api\errorcode.h">
      <Filter>Header Files\api</Filter>
    </ClInclude>
    <ClInclude Include="..\api\livecast.h">
      <Filter>Header Files\api</Filter>
    </ClInclude>
    <ClInclude Include="..\api\mannotation.h">
      <Filter>Header Files\api</Filter>
    </ClInclude>
    <ClInclude Include="..\api\maudio.h">
      <Filter>Header Files\api</Filter>
    </ClInclude>
    <ClInclude Include="..\api\maudio_new.h">
      <Filter>Header Files\api</Filter>
    </ClInclude>
    <ClInclude Include="..\api\mchat.h">
      <Filter>Header Files\api</Filter>
    </ClInclude>
    <ClInclude Include="..\api\mlivecast.h">
      <Filter>Header Files\api</Filter>
    </ClInclude>
    <ClInclude Include="..\api\mlocalrecord.h">
      <Filter>Header Files\api</Filter>
    </ClInclude>
    <ClInclude Include="..\api\mscreen.h">
      <Filter>Header Files\api</Filter>
    </ClInclude>
    <ClInclude Include="..\api\musermanager.h">
      <Filter>Header Files\api</Filter>
    </ClInclude>
    <ClInclude Include="..\api\mvideo.h">
      <Filter>Header Files\api</Filter>
    </ClInclude>
    <ClInclude Include="..\api\mvideo_new.h">
      <Filter>Header Files\api</Filter>
    </ClInclude>
    <ClInclude Include="..\api\mvideomixer.h">
      <Filter>Header Files\api</Filter>
    </ClInclude>
    <ClInclude Include="..\api\mwhiteboard.h">
      <Filter>Header Files\api</Filter>
    </ClInclude>
    <ClInclude Include="..\api\room.h">
      <Filter>Header Files\api</Filter>
    </ClInclude>
    <ClInclude Include="..\api\rtclogic.h">
      <Filter>Header Files\api</Filter>
    </ClInclude>
    <ClInclude Include="..\api\rtspclient.h">
      <Filter>Header Files\api</Filter>
    </ClInclude>
    <ClInclude Include="..\api\screenrecorder.h">
      <Filter>Header Files\api</Filter>
    </ClInclude>
    <ClInclude Include="..\api\videocapture.h">
      <Filter>Header Files\api</Filter>
    </ClInclude>
    <ClInclude Include="..\api\videorender.h">
      <Filter>Header Files\api</Filter>
    </ClInclude>
    <ClInclude Include="common.h">
      <Filter>Header Files</Filter>
    </ClInclude>
    <ClInclude Include="GeneratedFiles\ui_exportfile.h">
      <Filter>Generated Files</Filter>
    </ClInclude>
    <ClInclude Include="GeneratedFiles\ui_exportcb.h">
      <Filter>Generated Files</Filter>
    </ClInclude>
    <ClInclude Include="console.h">
      <Filter>Header Files</Filter>
    </ClInclude>
    <ClInclude Include="audio.h">
      <Filter>Header Files</Filter>
    </ClInclude>
    <ClInclude Include="video.h">
      <Filter>Header Files</Filter>
    </ClInclude>
    <ClInclude Include="engine.h">
      <Filter>Header Files</Filter>
    </ClInclude>
    <ClInclude Include="exportbase.h">
      <Filter>Header Files</Filter>
    </ClInclude>
    <ClInclude Include="importer.h">
      <Filter>Header Files</Filter>
    </ClInclude>
    <ClInclude Include="GeneratedFiles\ui_importer.h">
      <Filter>Generated Files</Filter>
    </ClInclude>
    <ClInclude Include="GeneratedFiles\ui_importraw.h">
      <Filter>Generated Files</Filter>
    </ClInclude>
    <ClInclude Include="importcoded.h">
      <Filter>Header Files</Filter>
    </ClInclude>
    <ClInclude Include="GeneratedFiles\ui_importcoded.h">
      <Filter>Generated Files</Filter>
    </ClInclude>
    <ClInclude Include="aacextractor.h">
      <Filter>Header Files</Filter>
    </ClInclude>
    <ClInclude Include="importrtsp.h">
      <Filter>Header Files</Filter>
    </ClInclude>
    <ClInclude Include="GeneratedFiles\ui_importrtsp.h">
      <Filter>Generated Files</Filter>
    </ClInclude>
    <ClInclude Include="GeneratedFiles\ui_avei.h">
      <Filter>Generated Files</Filter>
    </ClInclude>
  </ItemGroup>
</Project>